
Microsoft Visual Studio Solution File, Format Version 12.00
# Visual Studio 15
Project("{2150E333-8FDC-42A3-9474-1A3956D46DE8}") = "src", "src", "{C6FC66A3-9DD6-46A9-8BBB-A1BF43DAAEFE}"
EndProject
Project("{2150E333-8FDC-42A3-9474-1A3956D46DE8}") = "Tests", "Tests", "{8DAD6559-7C71-47D1-BD22-93D2794AF1E3}"
EndProject
Project("{2150E333-8FDC-42A3-9474-1A3956D46DE8}") = "Core", "Core", "{41CF00CA-0220-4904-95B3-03E2C03AC9F8}"
EndProject
Project("{FAE04EC0-301F-11D3-BF4B-00C04F79EFBC}") = "RegexManager", "RegexManager\RegexManager.csproj", "{0EC4AE17-6DEB-42A7-B538-B32499C0DE9A}"
EndProject
Project("{FAE04EC0-301F-11D3-BF4B-00C04F79EFBC}") = "RegexManagerTest", "RegexManagerTest\RegexManagerTest.csproj", "{5B517689-23F3-4C04-B4E5-246BAF61B778}"
EndProject
Project("{2150E333-8FDC-42A3-9474-1A3956D46DE8}") = "Solution Items", "Solution Items", "{7102A527-E759-4B01-B1CE-5D7F16CA470C}"
	ProjectSection(SolutionItems) = preProject
		README.md = README.md
		CODE_OF_CONDUCT.md = CODE_OF_CONDUCT.md
		LICENSE = LICENSE
		PULL_REQUEST_TEMPLATE.md = PULL_REQUEST_TEMPLATE.md
	EndProjectSection
EndProject
Global
	GlobalSection(SolutionConfigurationPlatforms) = preSolution
		Debug|Any CPU = Debug|Any CPU
		Release|Any CPU = Release|Any CPU
	EndGlobalSection
	GlobalSection(ProjectConfigurationPlatforms) = postSolution
		{0EC4AE17-6DEB-42A7-B538-B32499C0DE9A}.Debug|Any CPU.ActiveCfg = Debug|Any CPU
		{0EC4AE17-6DEB-42A7-B538-B32499C0DE9A}.Debug|Any CPU.Build.0 = Debug|Any CPU
		{0EC4AE17-6DEB-42A7-B538-B32499C0DE9A}.Release|Any CPU.ActiveCfg = Release|Any CPU
		{0EC4AE17-6DEB-42A7-B538-B32499C0DE9A}.Release|Any CPU.Build.0 = Release|Any CPU
		{5B517689-23F3-4C04-B4E5-246BAF61B778}.Debug|Any CPU.ActiveCfg = Debug|Any CPU
		{5B517689-23F3-4C04-B4E5-246BAF61B778}.Debug|Any CPU.Build.0 = Debug|Any CPU
		{5B517689-23F3-4C04-B4E5-246BAF61B778}.Release|Any CPU.ActiveCfg = Release|Any CPU
		{5B517689-23F3-4C04-B4E5-246BAF61B778}.Release|Any CPU.Build.0 = Release|Any CPU
	EndGlobalSection
	GlobalSection(NestedProjects) = preSolution
		{8DAD6559-7C71-47D1-BD22-93D2794AF1E3} = {C6FC66A3-9DD6-46A9-8BBB-A1BF43DAAEFE}
		{41CF00CA-0220-4904-95B3-03E2C03AC9F8} = {C6FC66A3-9DD6-46A9-8BBB-A1BF43DAAEFE}
		{0EC4AE17-6DEB-42A7-B538-B32499C0DE9A} = {41CF00CA-0220-4904-95B3-03E2C03AC9F8}
		{5B517689-23F3-4C04-B4E5-246BAF61B778} = {8DAD6559-7C71-47D1-BD22-93D2794AF1E3}
	EndGlobalSection
EndGlobal
